github.com/keighl/postmark v0.0.0-20190821160221-28358b1a94e3 h1:J/fzo/5aWuJBtoi82KCJH4jnNYmVlnaIQC9nFI8KMeU=
github.com/keighl/postmark v0.0.0-20190821160221-28358b1a94e3/go.mod h1:Pz+php+2qQ4fWYwCa5O/rcnovTT2ylkKg3OnMLuFUbg=
goji.io v2.0.2+incompatible h1:uIssv/elbKRLznFUy3Xj4+2Mz/qKhek/9aZQDUMae7c=
goji.io v2.0.2+incompatible/go.mod h1:sbqFwrtqZACxLBTQcdgVjFh54yGVCvwq8+w49MVMMIk=
